
Microsoft Visual Studio Solution File, Format Version 12.00
# Visual Studio Version 17
VisualStudioVersion = 17.3.32811.315
MinimumVisualStudioVersion = 10.0.40219.1
Project("{FAE04EC0-301F-11D3-BF4B-00C04F79EFBC}") = "MoviesAPI", "MoviesAPI\MoviesAPI.csproj", "{E00E39A8-382C-4663-82D4-15ABAA8CB43D}"
EndProject
Global
	GlobalSection(SolutionConfigurationPlatforms) = preSolution
		Debug|Any CPU = Debug|Any CPU
		Release|Any CPU = Release|Any CPU
	EndGlobalSection
	GlobalSection(ProjectConfigurationPlatforms) = postSolution
		{E00E39A8-382C-4663-82D4-15ABAA8CB43D}.Debug|Any CPU.ActiveCfg = Debug|Any CPU
		{E00E39A8-382C-4663-82D4-15ABAA8CB43D}.Debug|Any CPU.Build.0 = Debug|Any CPU
		{E00E39A8-382C-4663-82D4-15ABAA8CB43D}.Release|Any CPU.ActiveCfg = Release|Any CPU
		{E00E39A8-382C-4663-82D4-15ABAA8CB43D}.Release|Any CPU.Build.0 = Release|Any CPU
	EndGlobalSection
	GlobalSection(SolutionProperties) = preSolution
		HideSolutionNode = FALSE
	EndGlobalSection
	GlobalSection(ExtensibilityGlobals) = postSolution
		SolutionGuid = {3767A023-89F8-48A9-A396-89DF77060B4E}
	EndGlobalSection
EndGlobal
